
Microsoft Visual Studio Solution File, Format Version 12.00
# Visual Studio 15
VisualStudioVersion = 15.0.28307.271
MinimumVisualStudioVersion = 10.0.40219.1
Project("{FAE04EC0-301F-11D3-BF4B-00C04F79EFBC}") = "Ezeckias", "Ezeckias\Ezeckias.csproj", "{99CBEC8A-809B-4DB9-993B-A54A0E8712AF}"
EndProject
Global
	GlobalSection(SolutionConfigurationPlatforms) = preSolution
		Debug|Any CPU = Debug|Any CPU
		Release|Any CPU = Release|Any CPU
	EndGlobalSection
	GlobalSection(ProjectConfigurationPlatforms) = postSolution
		{99CBEC8A-809B-4DB9-993B-A54A0E8712AF}.Debug|Any CPU.ActiveCfg = Debug|Any CPU
		{99CBEC8A-809B-4DB9-993B-A54A0E8712AF}.Debug|Any CPU.Build.0 = Debug|Any CPU
		{99CBEC8A-809B-4DB9-993B-A54A0E8712AF}.Release|Any CPU.ActiveCfg = Release|Any CPU
		{99CBEC8A-809B-4DB9-993B-A54A0E8712AF}.Release|Any CPU.Build.0 = Release|Any CPU
	EndGlobalSection
	GlobalSection(SolutionProperties) = preSolution
		HideSolutionNode = FALSE
	EndGlobalSection
	GlobalSection(ExtensibilityGlobals) = postSolution
		SolutionGuid = {ED9110E0-3653-490B-83B5-C2D0DA9119FF}
	EndGlobalSection
EndGlobal
